
Microsoft Visual Studio Solution File, Format Version 11.00
# Visual Studio 2010
Project("{FAE04EC0-301F-11D3-BF4B-00C04F79EFBC}") = "MACROCOSM_05", "Assembly-CSharp.csproj", "{66824791-77B6-DD0A-B609-CFD60DD4DD4B}"
EndProject
Project("{FAE04EC0-301F-11D3-BF4B-00C04F79EFBC}") = "MACROCOSM_05", "Assembly-CSharp-firstpass.csproj", "{B8B7D3C4-930A-93C0-F387-C674717560D7}"
EndProject
Project("{FAE04EC0-301F-11D3-BF4B-00C04F79EFBC}") = "MACROCOSM_05", "Assembly-CSharp-Editor.csproj", "{6EEB5B81-B551-2D0F-F2A0-45603AB2EE7B}"
EndProject
Global
	GlobalSection(SolutionConfigurationPlatforms) = preSolution
		Debug|Any CPU = Debug|Any CPU
		Release|Any CPU = Release|Any CPU
	EndGlobalSection
	GlobalSection(ProjectConfigurationPlatforms) = postSolution
		{66824791-77B6-DD0A-B609-CFD60DD4DD4B}.Debug|Any CPU.ActiveCfg = Debug|Any CPU
		{66824791-77B6-DD0A-B609-CFD60DD4DD4B}.Debug|Any CPU.Build.0 = Debug|Any CPU
		{66824791-77B6-DD0A-B609-CFD60DD4DD4B}.Release|Any CPU.ActiveCfg = Release|Any CPU
		{66824791-77B6-DD0A-B609-CFD60DD4DD4B}.Release|Any CPU.Build.0 = Release|Any CPU
		{B8B7D3C4-930A-93C0-F387-C674717560D7}.Debug|Any CPU.ActiveCfg = Debug|Any CPU
		{B8B7D3C4-930A-93C0-F387-C674717560D7}.Debug|Any CPU.Build.0 = Debug|Any CPU
		{B8B7D3C4-930A-93C0-F387-C674717560D7}.Release|Any CPU.ActiveCfg = Release|Any CPU
		{B8B7D3C4-930A-93C0-F387-C674717560D7}.Release|Any CPU.Build.0 = Release|Any CPU
		{6EEB5B81-B551-2D0F-F2A0-45603AB2EE7B}.Debug|Any CPU.ActiveCfg = Debug|Any CPU
		{6EEB5B81-B551-2D0F-F2A0-45603AB2EE7B}.Debug|Any CPU.Build.0 = Debug|Any CPU
		{6EEB5B81-B551-2D0F-F2A0-45603AB2EE7B}.Release|Any CPU.ActiveCfg = Release|Any CPU
		{6EEB5B81-B551-2D0F-F2A0-45603AB2EE7B}.Release|Any CPU.Build.0 = Release|Any CPU
	EndGlobalSection
	GlobalSection(SolutionProperties) = preSolution
		HideSolutionNode = FALSE
	EndGlobalSection
	GlobalSection(MonoDevelopProperties) = preSolution
		StartupItem = Assembly-CSharp.csproj
	EndGlobalSection
EndGlobal
